
Microsoft Visual Studio Solution File, Format Version 12.00
# Visual Studio Version 17
VisualStudioVersion = 17.1.32414.318
MinimumVisualStudioVersion = 10.0.40219.1
Project("{FAE04EC0-301F-11D3-BF4B-00C04F79EFBC}") = "MineSweeperSolution", "MineSweeperSolution.csproj", "{9B2EF2C2-8A19-4689-BF8E-A4B6C481BA92}"
EndProject
Project("{FAE04EC0-301F-11D3-BF4B-00C04F79EFBC}") = "MineSweeperSolution.Test", "MineSweeperSolution.Test\MineSweeperSolution.Test.csproj", "{1BCC587A-64FC-4B04-8353-B8FC77DC087C}"
EndProject
Global
	GlobalSection(SolutionConfigurationPlatforms) = preSolution
		Debug|Any CPU = Debug|Any CPU
		Release|Any CPU = Release|Any CPU
	EndGlobalSection
	GlobalSection(ProjectConfigurationPlatforms) = postSolution
		{9B2EF2C2-8A19-4689-BF8E-A4B6C481BA92}.Debug|Any CPU.ActiveCfg = Debug|Any CPU
		{9B2EF2C2-8A19-4689-BF8E-A4B6C481BA92}.Debug|Any CPU.Build.0 = Debug|Any CPU
		{9B2EF2C2-8A19-4689-BF8E-A4B6C481BA92}.Release|Any CPU.ActiveCfg = Release|Any CPU
		{9B2EF2C2-8A19-4689-BF8E-A4B6C481BA92}.Release|Any CPU.Build.0 = Release|Any CPU
		{1BCC587A-64FC-4B04-8353-B8FC77DC087C}.Debug|Any CPU.ActiveCfg = Debug|Any CPU
		{1BCC587A-64FC-4B04-8353-B8FC77DC087C}.Debug|Any CPU.Build.0 = Debug|Any CPU
		{1BCC587A-64FC-4B04-8353-B8FC77DC087C}.Release|Any CPU.ActiveCfg = Release|Any CPU
		{1BCC587A-64FC-4B04-8353-B8FC77DC087C}.Release|Any CPU.Build.0 = Release|Any CPU
	EndGlobalSection
	GlobalSection(SolutionProperties) = preSolution
		HideSolutionNode = FALSE
	EndGlobalSection
	GlobalSection(ExtensibilityGlobals) = postSolution
		SolutionGuid = {5C8E9540-66FF-4446-8DFA-245E294FCBFD}
	EndGlobalSection
EndGlobal
